
Microsoft Visual Studio Solution File, Format Version 11.00
# Visual Studio 2010
Project("{8BC9CEB8-8B4A-11D0-8D11-00A0C91BC942}") = "nullDC", "nullDC\nullDC.vcxproj", "{47CE9BF1-542B-4C45-A22A-353A9FC97322}"
EndProject
Project("{8BC9CEB8-8B4A-11D0-8D11-00A0C91BC942}") = "EmptyAICA", "plugins\EmptyAICA\EmptyAICA.vcxproj", "{8004518C-2321-4CFC-BA6C-873736195691}"
EndProject
Project("{8BC9CEB8-8B4A-11D0-8D11-00A0C91BC942}") = "drkMapleDevices", "plugins\drkMapleDevices\drkMapleDevices.vcxproj", "{73FFA215-6F86-4C88-AA59-5735505A8B05}"
EndProject
Project("{8BC9CEB8-8B4A-11D0-8D11-00A0C91BC942}") = "ImgReader", "plugins\ImgReader\ImgReader.vcxproj", "{2415C385-C878-4D66-A097-FF25BCCDC1EB}"
EndProject
Project("{8BC9CEB8-8B4A-11D0-8D11-00A0C91BC942}") = "drkPvr", "plugins\drkPvr\drkPvr.vcxproj", "{0520BA33-1A98-4DDE-8B36-99F25EDC5BD6}"
EndProject
Project("{8BC9CEB8-8B4A-11D0-8D11-00A0C91BC942}") = "nullExtDev", "plugins\nullExtDev\nullExtDev.vcxproj", "{70FF77F6-E0CE-44EF-AF61-1BBAF3F60CD2}"
EndProject
Project("{8BC9CEB8-8B4A-11D0-8D11-00A0C91BC942}") = "nullDC_GUI", "plugins\nullDC_GUI\nullDC_GUI.vcxproj", "{BA607CBC-BBF5-441B-9778-B86FD2D710EB}"
EndProject
Project("{8BC9CEB8-8B4A-11D0-8D11-00A0C91BC942}") = "emitter", "..\emitter\emitter.vcxproj", "{B0B56062-39D6-4BEA-B0C9-A06AC2A65555}"
EndProject
Project("{8BC9CEB8-8B4A-11D0-8D11-00A0C91BC942}") = "nullAICA", "plugins\nullAICA\nullAICA.vcxproj", "{9C6F5978-A6CE-4A09-A3EA-5FE45CC12232}"
EndProject
Project("{8BC9CEB8-8B4A-11D0-8D11-00A0C91BC942}") = "vbaARM", "plugins\vbaARM\vbaARM.vcxproj", "{9C6F597F-A6CE-4AB9-A3EA-5FE45CC12232}"
EndProject
Project("{8BC9CEB8-8B4A-11D0-8D11-00A0C91BC942}") = "PuruPuru", "plugins\PuruPuru\PuruPuru.vcxproj", "{BF68EEEB-92DE-443E-A6E0-AB9CC357D0F3}"
EndProject
Project("{8BC9CEB8-8B4A-11D0-8D11-00A0C91BC942}") = "XMaple", "plugins\XMaple\XMaple.vcxproj", "{28B511F6-D1EC-448D-9A71-5044D6F12ABE}"
EndProject
Global
	GlobalSection(SolutionConfigurationPlatforms) = preSolution
		Debug|Win32 = Debug|Win32
		Debug-NoTrace|Win32 = Debug-NoTrace|Win32
		Release|Win32 = Release|Win32
		Release-NoTrace|Win32 = Release-NoTrace|Win32
	EndGlobalSection
	GlobalSection(ProjectConfigurationPlatforms) = postSolution
		{47CE9BF1-542B-4C45-A22A-353A9FC97322}.Debug|Win32.ActiveCfg = Debug|Win32
		{47CE9BF1-542B-4C45-A22A-353A9FC97322}.Debug|Win32.Build.0 = Debug|Win32
		{47CE9BF1-542B-4C45-A22A-353A9FC97322}.Debug-NoTrace|Win32.ActiveCfg = Debug_R|Win32
		{47CE9BF1-542B-4C45-A22A-353A9FC97322}.Debug-NoTrace|Win32.Build.0 = Debug_R|Win32
		{47CE9BF1-542B-4C45-A22A-353A9FC97322}.Release|Win32.ActiveCfg = Release|Win32
		{47CE9BF1-542B-4C45-A22A-353A9FC97322}.Release|Win32.Build.0 = Release|Win32
		{47CE9BF1-542B-4C45-A22A-353A9FC97322}.Release-NoTrace|Win32.ActiveCfg = Release|Win32
		{47CE9BF1-542B-4C45-A22A-353A9FC97322}.Release-NoTrace|Win32.Build.0 = Release|Win32
		{8004518C-2321-4CFC-BA6C-873736195691}.Debug|Win32.ActiveCfg = Debug|Win32
		{8004518C-2321-4CFC-BA6C-873736195691}.Debug|Win32.Build.0 = Debug|Win32
		{8004518C-2321-4CFC-BA6C-873736195691}.Debug-NoTrace|Win32.ActiveCfg = Debug|Win32
		{8004518C-2321-4CFC-BA6C-873736195691}.Debug-NoTrace|Win32.Build.0 = Debug|Win32
		{8004518C-2321-4CFC-BA6C-873736195691}.Release|Win32.ActiveCfg = Release|Win32
		{8004518C-2321-4CFC-BA6C-873736195691}.Release|Win32.Build.0 = Release|Win32
		{8004518C-2321-4CFC-BA6C-873736195691}.Release-NoTrace|Win32.ActiveCfg = Release|Win32
		{8004518C-2321-4CFC-BA6C-873736195691}.Release-NoTrace|Win32.Build.0 = Release|Win32
		{73FFA215-6F86-4C88-AA59-5735505A8B05}.Debug|Win32.ActiveCfg = Debug|Win32
		{73FFA215-6F86-4C88-AA59-5735505A8B05}.Debug|Win32.Build.0 = Debug|Win32
		{73FFA215-6F86-4C88-AA59-5735505A8B05}.Debug-NoTrace|Win32.ActiveCfg = Debug|Win32
		{73FFA215-6F86-4C88-AA59-5735505A8B05}.Debug-NoTrace|Win32.Build.0 = Debug|Win32
		{73FFA215-6F86-4C88-AA59-5735505A8B05}.Release|Win32.ActiveCfg = Release|Win32
		{73FFA215-6F86-4C88-AA59-5735505A8B05}.Release|Win32.Build.0 = Release|Win32
		{73FFA215-6F86-4C88-AA59-5735505A8B05}.Release-NoTrace|Win32.ActiveCfg = Release|Win32
		{73FFA215-6F86-4C88-AA59-5735505A8B05}.Release-NoTrace|Win32.Build.0 = Release|Win32
		{2415C385-C878-4D66-A097-FF25BCCDC1EB}.Debug|Win32.ActiveCfg = Debug|Win32
		{2415C385-C878-4D66-A097-FF25BCCDC1EB}.Debug|Win32.Build.0 = Debug|Win32
		{2415C385-C878-4D66-A097-FF25BCCDC1EB}.Debug-NoTrace|Win32.ActiveCfg = Debug|Win32
		{2415C385-C878-4D66-A097-FF25BCCDC1EB}.Debug-NoTrace|Win32.Build.0 = Debug|Win32
		{2415C385-C878-4D66-A097-FF25BCCDC1EB}.Release|Win32.ActiveCfg = Release|Win32
		{2415C385-C878-4D66-A097-FF25BCCDC1EB}.Release|Win32.Build.0 = Release|Win32
		{2415C385-C878-4D66-A097-FF25BCCDC1EB}.Release-NoTrace|Win32.ActiveCfg = Release|Win32
		{2415C385-C878-4D66-A097-FF25BCCDC1EB}.Release-NoTrace|Win32.Build.0 = Release|Win32
		{0520BA33-1A98-4DDE-8B36-99F25EDC5BD6}.Debug|Win32.ActiveCfg = Debug|Win32
		{0520BA33-1A98-4DDE-8B36-99F25EDC5BD6}.Debug|Win32.Build.0 = Debug|Win32
		{0520BA33-1A98-4DDE-8B36-99F25EDC5BD6}.Debug-NoTrace|Win32.ActiveCfg = Debug|Win32
		{0520BA33-1A98-4DDE-8B36-99F25EDC5BD6}.Debug-NoTrace|Win32.Build.0 = Debug|Win32
		{0520BA33-1A98-4DDE-8B36-99F25EDC5BD6}.Release|Win32.ActiveCfg = Release|Win32
		{0520BA33-1A98-4DDE-8B36-99F25EDC5BD6}.Release|Win32.Build.0 = Release|Win32
		{0520BA33-1A98-4DDE-8B36-99F25EDC5BD6}.Release-NoTrace|Win32.ActiveCfg = Release|Win32
		{0520BA33-1A98-4DDE-8B36-99F25EDC5BD6}.Release-NoTrace|Win32.Build.0 = Release|Win32
		{70FF77F6-E0CE-44EF-AF61-1BBAF3F60CD2}.Debug|Win32.ActiveCfg = Debug|Win32
		{70FF77F6-E0CE-44EF-AF61-1BBAF3F60CD2}.Debug|Win32.Build.0 = Debug|Win32
		{70FF77F6-E0CE-44EF-AF61-1BBAF3F60CD2}.Debug-NoTrace|Win32.ActiveCfg = Debug|Win32
		{70FF77F6-E0CE-44EF-AF61-1BBAF3F60CD2}.Debug-NoTrace|Win32.Build.0 = Debug|Win32
		{70FF77F6-E0CE-44EF-AF61-1BBAF3F60CD2}.Release|Win32.ActiveCfg = Release|Win32
		{70FF77F6-E0CE-44EF-AF61-1BBAF3F60CD2}.Release|Win32.Build.0 = Release|Win32
		{70FF77F6-E0CE-44EF-AF61-1BBAF3F60CD2}.Release-NoTrace|Win32.ActiveCfg = Release|Win32
		{70FF77F6-E0CE-44EF-AF61-1BBAF3F60CD2}.Release-NoTrace|Win32.Build.0 = Release|Win32
		{BA607CBC-BBF5-441B-9778-B86FD2D710EB}.Debug|Win32.ActiveCfg = Debug|Win32
		{BA607CBC-BBF5-441B-9778-B86FD2D710EB}.Debug|Win32.Build.0 = Debug|Win32
		{BA607CBC-BBF5-441B-9778-B86FD2D710EB}.Debug-NoTrace|Win32.ActiveCfg = Debug|Win32
		{BA607CBC-BBF5-441B-9778-B86FD2D710EB}.Debug-NoTrace|Win32.Build.0 = Debug|Win32
		{BA607CBC-BBF5-441B-9778-B86FD2D710EB}.Release|Win32.ActiveCfg = Release|Win32
		{BA607CBC-BBF5-441B-9778-B86FD2D710EB}.Release|Win32.Build.0 = Release|Win32
		{BA607CBC-BBF5-441B-9778-B86FD2D710EB}.Release-NoTrace|Win32.ActiveCfg = Release|Win32
		{BA607CBC-BBF5-441B-9778-B86FD2D710EB}.Release-NoTrace|Win32.Build.0 = Release|Win32
		{B0B56062-39D6-4BEA-B0C9-A06AC2A65555}.Debug|Win32.ActiveCfg = Debug|Win32
		{B0B56062-39D6-4BEA-B0C9-A06AC2A65555}.Debug|Win32.Build.0 = Debug|Win32
		{B0B56062-39D6-4BEA-B0C9-A06AC2A65555}.Debug-NoTrace|Win32.ActiveCfg = Debug|Win32
		{B0B56062-39D6-4BEA-B0C9-A06AC2A65555}.Debug-NoTrace|Win32.Build.0 = Debug|Win32
		{B0B56062-39D6-4BEA-B0C9-A06AC2A65555}.Release|Win32.ActiveCfg = Release|Win32
		{B0B56062-39D6-4BEA-B0C9-A06AC2A65555}.Release|Win32.Build.0 = Release|Win32
		{B0B56062-39D6-4BEA-B0C9-A06AC2A65555}.Release-NoTrace|Win32.ActiveCfg = Release|Win32
		{B0B56062-39D6-4BEA-B0C9-A06AC2A65555}.Release-NoTrace|Win32.Build.0 = Release|Win32
		{9C6F5978-A6CE-4A09-A3EA-5FE45CC12232}.Debug|Win32.ActiveCfg = Debug|Win32
		{9C6F5978-A6CE-4A09-A3EA-5FE45CC12232}.Debug|Win32.Build.0 = Debug|Win32
		{9C6F5978-A6CE-4A09-A3EA-5FE45CC12232}.Debug-NoTrace|Win32.ActiveCfg = Debug|Win32
		{9C6F5978-A6CE-4A09-A3EA-5FE45CC12232}.Debug-NoTrace|Win32.Build.0 = Debug|Win32
		{9C6F5978-A6CE-4A09-A3EA-5FE45CC12232}.Release|Win32.ActiveCfg = Release|Win32
		{9C6F5978-A6CE-4A09-A3EA-5FE45CC12232}.Release|Win32.Build.0 = Release|Win32
		{9C6F5978-A6CE-4A09-A3EA-5FE45CC12232}.Release-NoTrace|Win32.ActiveCfg = Release|Win32
		{9C6F5978-A6CE-4A09-A3EA-5FE45CC12232}.Release-NoTrace|Win32.Build.0 = Release|Win32
		{9C6F597F-A6CE-4AB9-A3EA-5FE45CC12232}.Debug|Win32.ActiveCfg = Debug|Win32
		{9C6F597F-A6CE-4AB9-A3EA-5FE45CC12232}.Debug|Win32.Build.0 = Debug|Win32
		{9C6F597F-A6CE-4AB9-A3EA-5FE45CC12232}.Debug-NoTrace|Win32.ActiveCfg = Debug|Win32
		{9C6F597F-A6CE-4AB9-A3EA-5FE45CC12232}.Debug-NoTrace|Win32.Build.0 = Debug|Win32
		{9C6F597F-A6CE-4AB9-A3EA-5FE45CC12232}.Release|Win32.ActiveCfg = Release|Win32
		{9C6F597F-A6CE-4AB9-A3EA-5FE45CC12232}.Release|Win32.Build.0 = Release|Win32
		{9C6F597F-A6CE-4AB9-A3EA-5FE45CC12232}.Release-NoTrace|Win32.ActiveCfg = Release|Win32
		{9C6F597F-A6CE-4AB9-A3EA-5FE45CC12232}.Release-NoTrace|Win32.Build.0 = Release|Win32
		{BF68EEEB-92DE-443E-A6E0-AB9CC357D0F3}.Debug|Win32.ActiveCfg = Debug|Win32
		{BF68EEEB-92DE-443E-A6E0-AB9CC357D0F3}.Debug|Win32.Build.0 = Debug|Win32
		{BF68EEEB-92DE-443E-A6E0-AB9CC357D0F3}.Debug-NoTrace|Win32.ActiveCfg = Debug|Win32
		{BF68EEEB-92DE-443E-A6E0-AB9CC357D0F3}.Debug-NoTrace|Win32.Build.0 = Debug|Win32
		{BF68EEEB-92DE-443E-A6E0-AB9CC357D0F3}.Release|Win32.ActiveCfg = Release|Win32
		{BF68EEEB-92DE-443E-A6E0-AB9CC357D0F3}.Release|Win32.Build.0 = Release|Win32
		{BF68EEEB-92DE-443E-A6E0-AB9CC357D0F3}.Release-NoTrace|Win32.ActiveCfg = Release|Win32
		{BF68EEEB-92DE-443E-A6E0-AB9CC357D0F3}.Release-NoTrace|Win32.Build.0 = Release|Win32
		{28B511F6-D1EC-448D-9A71-5044D6F12ABE}.Debug|Win32.ActiveCfg = Debug|Win32
		{28B511F6-D1EC-448D-9A71-5044D6F12ABE}.Debug|Win32.Build.0 = Debug|Win32
		{28B511F6-D1EC-448D-9A71-5044D6F12ABE}.Debug-NoTrace|Win32.ActiveCfg = Debug|Win32
		{28B511F6-D1EC-448D-9A71-5044D6F12ABE}.Debug-NoTrace|Win32.Build.0 = Debug|Win32
		{28B511F6-D1EC-448D-9A71-5044D6F12ABE}.Release|Win32.ActiveCfg = Release|Win32
		{28B511F6-D1EC-448D-9A71-5044D6F12ABE}.Release|Win32.Build.0 = Release|Win32
		{28B511F6-D1EC-448D-9A71-5044D6F12ABE}.Release-NoTrace|Win32.ActiveCfg = Release|Win32
		{28B511F6-D1EC-448D-9A71-5044D6F12ABE}.Release-NoTrace|Win32.Build.0 = Release|Win32
	EndGlobalSection
	GlobalSection(SolutionProperties) = preSolution
		HideSolutionNode = FALSE
	EndGlobalSection
EndGlobal
